// !$*UTF8*$!
{
	archiveVersion = 1;
	classes = {
	};
	objectVersion = 46;
	objects = {

/* Begin PBXBuildFile section */
		7696278C1E7FEA0800554A4B /* CMSampleBuffer+Extension.swift in Sources */ = {isa = PBXBuildFile; fileRef = 7696278B1E7FEA0800554A4B /* CMSampleBuffer+Extension.swift */; };
		76C76C3B1E7F9D8B00E8ECB6 /* GPUImage.framework in Frameworks */ = {isa = PBXBuildFile; fileRef = 76C76C381E7F9D7700E8ECB6 /* GPUImage.framework */; };
		76C76C3C1E7F9D8B00E8ECB6 /* GPUImage.framework in CopyFiles */ = {isa = PBXBuildFile; fileRef = 76C76C381E7F9D7700E8ECB6 /* GPUImage.framework */; settings = {ATTRIBUTES = (CodeSignOnCopy, RemoveHeadersOnCopy, ); }; };
		BC9FAACB1CA1D3FC009F1261 /* LaunchScreen.storyboard in Resources */ = {isa = PBXBuildFile; fileRef = BC9FAAC91CA1D3FC009F1261 /* LaunchScreen.storyboard */; };
		D3BBA487824123E998FB6220 /* Pods_Randomizer.framework in Frameworks */ = {isa = PBXBuildFile; fileRef = E384A92C6585D3B31E2F84EF /* Pods_Randomizer.framework */; };
		DE01486E1E41321A00918229 /* ViewController.swift in Sources */ = {isa = PBXBuildFile; fileRef = DE01486D1E41321A00918229 /* ViewController.swift */; };
		DE539B3C1E7DB80800920C3D /* unicornSecurity.jpg in Resources */ = {isa = PBXBuildFile; fileRef = DE539B3B1E7DB80800920C3D /* unicornSecurity.jpg */; };
		DE539B3F1E7F4B4400920C3D /* sample_iPod.m4v in Resources */ = {isa = PBXBuildFile; fileRef = DE539B3E1E7F4B4400920C3D /* sample_iPod.m4v */; };
		DE6585901E0BF23C00122748 /* AppDelegate.swift in Sources */ = {isa = PBXBuildFile; fileRef = DE65858D1E0BF23C00122748 /* AppDelegate.swift */; };
		DE9C8A7C1E09D431007D6DE0 /* Assets-iOS.xcassets in Resources */ = {isa = PBXBuildFile; fileRef = DE9C8A7B1E09D431007D6DE0 /* Assets-iOS.xcassets */; };
		DED1D7AB1E772A90008C18FC /* FilterChain.swift in Sources */ = {isa = PBXBuildFile; fileRef = DED1D7AA1E772A90008C18FC /* FilterChain.swift */; };
/* End PBXBuildFile section */

/* Begin PBXContainerItemProxy section */
		76C76C371E7F9D7700E8ECB6 /* PBXContainerItemProxy */ = {
			isa = PBXContainerItemProxy;
			containerPortal = 76C76C321E7F9D7700E8ECB6 /* GPUImage-iOS.xcodeproj */;
			proxyType = 2;
			remoteGlobalIDString = BCD1B1251C66A262001F2BDC;
			remoteInfo = GPUImage;
		};
		76C76C391E7F9D7700E8ECB6 /* PBXContainerItemProxy */ = {
			isa = PBXContainerItemProxy;
			containerPortal = 76C76C321E7F9D7700E8ECB6 /* GPUImage-iOS.xcodeproj */;
			proxyType = 2;
			remoteGlobalIDString = BCD1B12F1C66A262001F2BDC;
			remoteInfo = GPUImageTests;
		};
		76C76C3D1E7F9D8B00E8ECB6 /* PBXContainerItemProxy */ = {
			isa = PBXContainerItemProxy;
			containerPortal = 76C76C321E7F9D7700E8ECB6 /* GPUImage-iOS.xcodeproj */;
			proxyType = 1;
			remoteGlobalIDString = BCD1B1241C66A262001F2BDC;
			remoteInfo = GPUImage;
		};
/* End PBXContainerItemProxy section */

/* Begin PBXCopyFilesBuildPhase section */
		BC9FAAE11CA1FBF0009F1261 /* CopyFiles */ = {
			isa = PBXCopyFilesBuildPhase;
			buildActionMask = 2147483647;
			dstPath = "";
			dstSubfolderSpec = 10;
			files = (
				76C76C3C1E7F9D8B00E8ECB6 /* GPUImage.framework in CopyFiles */,
			);
			runOnlyForDeploymentPostprocessing = 0;
		};
/* End PBXCopyFilesBuildPhase section */

/* Begin PBXFileReference section */
		7696278B1E7FEA0800554A4B /* CMSampleBuffer+Extension.swift */ = {isa = PBXFileReference; fileEncoding = 4; lastKnownFileType = sourcecode.swift; path = "CMSampleBuffer+Extension.swift"; sourceTree = SOURCE_ROOT; };
		76C76C321E7F9D7700E8ECB6 /* GPUImage-iOS.xcodeproj */ = {isa = PBXFileReference; lastKnownFileType = "wrapper.pb-project"; name = "GPUImage-iOS.xcodeproj"; path = "ThirdParty/GPUImagev2/GPUImage-iOS.xcodeproj"; sourceTree = "<group>"; };
		BC9FAABD1CA1D3FC009F1261 /* Randomizer.app */ = {isa = PBXFileReference; explicitFileType = wrapper.application; includeInIndex = 0; path = Randomizer.app; sourceTree = BUILT_PRODUCTS_DIR; };
		BC9FAACA1CA1D3FC009F1261 /* Base */ = {isa = PBXFileReference; lastKnownFileType = file.storyboard; name = Base; path = Base.lproj/LaunchScreen.storyboard; sourceTree = "<group>"; };
		BC9FAACC1CA1D3FC009F1261 /* Info.plist */ = {isa = PBXFileReference; lastKnownFileType = text.plist.xml; name = Info.plist; path = Randomizer/Info.plist; sourceTree = "<group>"; };
		BEBB5D9413ABC5F2B56A8EFA /* Pods-Randomizer.debug.xcconfig */ = {isa = PBXFileReference; includeInIndex = 1; lastKnownFileType = text.xcconfig; name = "Pods-Randomizer.debug.xcconfig"; path = "Pods/Target Support Files/Pods-Randomizer/Pods-Randomizer.debug.xcconfig"; sourceTree = "<group>"; };
		DE01486D1E41321A00918229 /* ViewController.swift */ = {isa = PBXFileReference; fileEncoding = 4; lastKnownFileType = sourcecode.swift; path = ViewController.swift; sourceTree = SOURCE_ROOT; };
		DE539B3B1E7DB80800920C3D /* unicornSecurity.jpg */ = {isa = PBXFileReference; lastKnownFileType = image.jpeg; path = unicornSecurity.jpg; sourceTree = SOURCE_ROOT; };
		DE539B3E1E7F4B4400920C3D /* sample_iPod.m4v */ = {isa = PBXFileReference; lastKnownFileType = file; name = sample_iPod.m4v; path = ThirdParty/GPUImagev2/sample_iPod.m4v; sourceTree = "<group>"; };
		DE65858D1E0BF23C00122748 /* AppDelegate.swift */ = {isa = PBXFileReference; fileEncoding = 4; lastKnownFileType = sourcecode.swift; name = AppDelegate.swift; path = Randomizer/AppDelegate.swift; sourceTree = SOURCE_ROOT; };
		DE9C8A7B1E09D431007D6DE0 /* Assets-iOS.xcassets */ = {isa = PBXFileReference; lastKnownFileType = folder.assetcatalog; path = "Assets-iOS.xcassets"; sourceTree = "<group>"; };
		DED1D7AA1E772A90008C18FC /* FilterChain.swift */ = {isa = PBXFileReference; fileEncoding = 4; lastKnownFileType = sourcecode.swift; path = FilterChain.swift; sourceTree = SOURCE_ROOT; };
		E337047C8A6942D85145656E /* Pods-Randomizer.release.xcconfig */ = {isa = PBXFileReference; includeInIndex = 1; lastKnownFileType = text.xcconfig; name = "Pods-Randomizer.release.xcconfig"; path = "Pods/Target Support Files/Pods-Randomizer/Pods-Randomizer.release.xcconfig"; sourceTree = "<group>"; };
		E384A92C6585D3B31E2F84EF /* Pods_Randomizer.framework */ = {isa = PBXFileReference; explicitFileType = wrapper.framework; includeInIndex = 0; path = Pods_Randomizer.framework; sourceTree = BUILT_PRODUCTS_DIR; };
/* End PBXFileReference section */

/* Begin PBXFrameworksBuildPhase section */
		BC9FAABA1CA1D3FC009F1261 /* Frameworks */ = {
			isa = PBXFrameworksBuildPhase;
			buildActionMask = 2147483647;
			files = (
				76C76C3B1E7F9D8B00E8ECB6 /* GPUImage.framework in Frameworks */,
				D3BBA487824123E998FB6220 /* Pods_Randomizer.framework in Frameworks */,
			);
			runOnlyForDeploymentPostprocessing = 0;
		};
/* End PBXFrameworksBuildPhase section */

/* Begin PBXGroup section */
		0522C6A1030F7DFB39217206 /* Pods */ = {
			isa = PBXGroup;
			children = (
				BEBB5D9413ABC5F2B56A8EFA /* Pods-Randomizer.debug.xcconfig */,
				E337047C8A6942D85145656E /* Pods-Randomizer.release.xcconfig */,
			);
			name = Pods;
			sourceTree = "<group>";
		};
		76C76C331E7F9D7700E8ECB6 /* Products */ = {
			isa = PBXGroup;
			children = (
				76C76C381E7F9D7700E8ECB6 /* GPUImage.framework */,
				76C76C3A1E7F9D7700E8ECB6 /* GPUImageTests.xctest */,
			);
			name = Products;
			sourceTree = "<group>";
		};
		BC9FAAB41CA1D3FB009F1261 = {
			isa = PBXGroup;
			children = (
				76C76C321E7F9D7700E8ECB6 /* GPUImage-iOS.xcodeproj */,
				BC9FAABF1CA1D3FC009F1261 /* Application */,
				BCFB05911CBF1961009B2333 /* Resources */,
				BC9FAABE1CA1D3FC009F1261 /* Products */,
				0522C6A1030F7DFB39217206 /* Pods */,
				C38AA83F17665ABA782E76E5 /* Frameworks */,
			);
			sourceTree = "<group>";
		};
		BC9FAABE1CA1D3FC009F1261 /* Products */ = {
			isa = PBXGroup;
			children = (
				BC9FAABD1CA1D3FC009F1261 /* Randomizer.app */,
			);
			name = Products;
			sourceTree = "<group>";
		};
		BC9FAABF1CA1D3FC009F1261 /* Application */ = {
			isa = PBXGroup;
			children = (
				DE65858D1E0BF23C00122748 /* AppDelegate.swift */,
				DE01486D1E41321A00918229 /* ViewController.swift */,
				DED716321E315B7700F79D9B /* FilterChain */,
				7696278B1E7FEA0800554A4B /* CMSampleBuffer+Extension.swift */,
			);
			name = Application;
			path = SimpleVideoFilter;
			sourceTree = "<group>";
		};
		BCFB05911CBF1961009B2333 /* Resources */ = {
			isa = PBXGroup;
			children = (
				DE539B3E1E7F4B4400920C3D /* sample_iPod.m4v */,
				DE9C8A7B1E09D431007D6DE0 /* Assets-iOS.xcassets */,
				BC9FAAC91CA1D3FC009F1261 /* LaunchScreen.storyboard */,
				BC9FAACC1CA1D3FC009F1261 /* Info.plist */,
			);
			name = Resources;
			sourceTree = "<group>";
		};
		C38AA83F17665ABA782E76E5 /* Frameworks */ = {
			isa = PBXGroup;
			children = (
				E384A92C6585D3B31E2F84EF /* Pods_Randomizer.framework */,
			);
			name = Frameworks;
			sourceTree = "<group>";
		};
		DED716321E315B7700F79D9B /* FilterChain */ = {
			isa = PBXGroup;
			children = (
				DE539B3B1E7DB80800920C3D /* unicornSecurity.jpg */,
				DED1D7AA1E772A90008C18FC /* FilterChain.swift */,
			);
			name = FilterChain;
			sourceTree = "<group>";
		};
/* End PBXGroup section */

/* Begin PBXNativeTarget section */
		BC9FAABC1CA1D3FC009F1261 /* Randomizer */ = {
			isa = PBXNativeTarget;
			buildConfigurationList = BC9FAACF1CA1D3FC009F1261 /* Build configuration list for PBXNativeTarget "Randomizer" */;
			buildPhases = (
				5F65252E3C78858C328AA4C1 /* [CP] Check Pods Manifest.lock */,
				BC9FAAB91CA1D3FC009F1261 /* Sources */,
				BC9FAABA1CA1D3FC009F1261 /* Frameworks */,
				BC9FAABB1CA1D3FC009F1261 /* Resources */,
				BC9FAAE11CA1FBF0009F1261 /* CopyFiles */,
				2E5148DF0EA09D0A247D7727 /* [CP] Embed Pods Frameworks */,
				DFAF5098189E8B4EE797CDA9 /* [CP] Copy Pods Resources */,
			);
			buildRules = (
			);
			dependencies = (
				76C76C3E1E7F9D8B00E8ECB6 /* PBXTargetDependency */,
			);
			name = Randomizer;
			productName = SimpleVideoFilter;
			productReference = BC9FAABD1CA1D3FC009F1261 /* Randomizer.app */;
			productType = "com.apple.product-type.application";
		};
/* End PBXNativeTarget section */

/* Begin PBXProject section */
		BC9FAAB51CA1D3FB009F1261 /* Project object */ = {
			isa = PBXProject;
			attributes = {
				LastSwiftUpdateCheck = 0730;
				LastUpgradeCheck = 0730;
				ORGANIZATIONNAME = "Sunset Lake Software LLC";
				TargetAttributes = {
					BC9FAABC1CA1D3FC009F1261 = {
						CreatedOnToolsVersion = 7.3;
						DevelopmentTeam = ESDVLEEEJP;
						LastSwiftMigration = 0820;
					};
				};
			};
			buildConfigurationList = BC9FAAB81CA1D3FB009F1261 /* Build configuration list for PBXProject "Randomizer" */;
			compatibilityVersion = "Xcode 3.2";
			developmentRegion = English;
			hasScannedForEncodings = 0;
			knownRegions = (
				en,
				Base,
			);
			mainGroup = BC9FAAB41CA1D3FB009F1261;
			productRefGroup = BC9FAABE1CA1D3FC009F1261 /* Products */;
			projectDirPath = "";
			projectReferences = (
				{
					ProductGroup = 76C76C331E7F9D7700E8ECB6 /* Products */;
					ProjectRef = 76C76C321E7F9D7700E8ECB6 /* GPUImage-iOS.xcodeproj */;
				},
			);
			projectRoot = "";
			targets = (
				BC9FAABC1CA1D3FC009F1261 /* Randomizer */,
			);
		};
/* End PBXProject section */

/* Begin PBXReferenceProxy section */
		76C76C381E7F9D7700E8ECB6 /* GPUImage.framework */ = {
			isa = PBXReferenceProxy;
			fileType = wrapper.framework;
			path = GPUImage.framework;
			remoteRef = 76C76C371E7F9D7700E8ECB6 /* PBXContainerItemProxy */;
			sourceTree = BUILT_PRODUCTS_DIR;
		};
		76C76C3A1E7F9D7700E8ECB6 /* GPUImageTests.xctest */ = {
			isa = PBXReferenceProxy;
			fileType = wrapper.cfbundle;
			path = GPUImageTests.xctest;
			remoteRef = 76C76C391E7F9D7700E8ECB6 /* PBXContainerItemProxy */;
			sourceTree = BUILT_PRODUCTS_DIR;
		};
/* End PBXReferenceProxy section */

/* Begin PBXResourcesBuildPhase section */
		BC9FAABB1CA1D3FC009F1261 /* Resources */ = {
			isa = PBXResourcesBuildPhase;
			buildActionMask = 2147483647;
			files = (
				BC9FAACB1CA1D3FC009F1261 /* LaunchScreen.storyboard in Resources */,
				DE539B3F1E7F4B4400920C3D /* sample_iPod.m4v in Resources */,
				DE9C8A7C1E09D431007D6DE0 /* Assets-iOS.xcassets in Resources */,
				DE539B3C1E7DB80800920C3D /* unicornSecurity.jpg in Resources */,
			);
			runOnlyForDeploymentPostprocessing = 0;
		};
/* End PBXResourcesBuildPhase section */

/* Begin PBXShellScriptBuildPhase section */
		2E5148DF0EA09D0A247D7727 /* [CP] Embed Pods Frameworks */ = {
			isa = PBXShellScriptBuildPhase;
			buildActionMask = 2147483647;
			files = (
			);
			inputPaths = (
			);
			name = "[CP] Embed Pods Frameworks";
			outputPaths = (
			);
			runOnlyForDeploymentPostprocessing = 0;
			shellPath = /bin/sh;
			shellScript = "\"${SRCROOT}/Pods/Target Support Files/Pods-Randomizer/Pods-Randomizer-frameworks.sh\"\n";
			showEnvVarsInLog = 0;
		};
		5F65252E3C78858C328AA4C1 /* [CP] Check Pods Manifest.lock */ = {
			isa = PBXShellScriptBuildPhase;
			buildActionMask = 2147483647;
			files = (
			);
			inputPaths = (
			);
			name = "[CP] Check Pods Manifest.lock";
			outputPaths = (
			);
			runOnlyForDeploymentPostprocessing = 0;
			shellPath = /bin/sh;
			shellScript = "diff \"${PODS_ROOT}/../Podfile.lock\" \"${PODS_ROOT}/Manifest.lock\" > /dev/null\nif [ $? != 0 ] ; then\n    # print error to STDERR\n    echo \"error: The sandbox is not in sync with the Podfile.lock. Run 'pod install' or update your CocoaPods installation.\" >&2\n    exit 1\nfi\n";
			showEnvVarsInLog = 0;
		};
		DFAF5098189E8B4EE797CDA9 /* [CP] Copy Pods Resources */ = {
			isa = PBXShellScriptBuildPhase;
			buildActionMask = 2147483647;
			files = (
			);
			inputPaths = (
			);
			name = "[CP] Copy Pods Resources";
			outputPaths = (
			);
			runOnlyForDeploymentPostprocessing = 0;
			shellPath = /bin/sh;
			shellScript = "\"${SRCROOT}/Pods/Target Support Files/Pods-Randomizer/Pods-Randomizer-resources.sh\"\n";
			showEnvVarsInLog = 0;
		};
/* End PBXShellScriptBuildPhase section */

/* Begin PBXSourcesBuildPhase section */
		BC9FAAB91CA1D3FC009F1261 /* Sources */ = {
			isa = PBXSourcesBuildPhase;
			buildActionMask = 2147483647;
			files = (
				DE01486E1E41321A00918229 /* ViewController.swift in Sources */,
				7696278C1E7FEA0800554A4B /* CMSampleBuffer+Extension.swift in Sources */,
				DE6585901E0BF23C00122748 /* AppDelegate.swift in Sources */,
				DED1D7AB1E772A90008C18FC /* FilterChain.swift in Sources */,
			);
			runOnlyForDeploymentPostprocessing = 0;
		};
/* End PBXSourcesBuildPhase section */

/* Begin PBXTargetDependency section */
		76C76C3E1E7F9D8B00E8ECB6 /* PBXTargetDependency */ = {
			isa = PBXTargetDependency;
			name = GPUImage;
			targetProxy = 76C76C3D1E7F9D8B00E8ECB6 /* PBXContainerItemProxy */;
		};
/* End PBXTargetDependency section */

/* Begin PBXVariantGroup section */
		BC9FAAC91CA1D3FC009F1261 /* LaunchScreen.storyboard */ = {
			isa = PBXVariantGroup;
			children = (
				BC9FAACA1CA1D3FC009F1261 /* Base */,
			);
			name = LaunchScreen.storyboard;
			path = Randomizer;
			sourceTree = "<group>";
		};
/* End PBXVariantGroup section */

/* Begin XCBuildConfiguration section */
		BC9FAACD1CA1D3FC009F1261 /* Debug */ = {
			isa = XCBuildConfiguration;
			buildSettings = {
				ALWAYS_SEARCH_USER_PATHS = NO;
				CLANG_ANALYZER_NONNULL = YES;
				CLANG_CXX_LANGUAGE_STANDARD = "gnu++0x";
				CLANG_CXX_LIBRARY = "libc++";
				CLANG_ENABLE_MODULES = YES;
				CLANG_ENABLE_OBJC_ARC = YES;
				CLANG_WARN_BOOL_CONVERSION = YES;
				CLANG_WARN_CONSTANT_CONVERSION = YES;
				CLANG_WARN_DIRECT_OBJC_ISA_USAGE = YES_ERROR;
				CLANG_WARN_EMPTY_BODY = YES;
				CLANG_WARN_ENUM_CONVERSION = YES;
				CLANG_WARN_INT_CONVERSION = YES;
				CLANG_WARN_OBJC_ROOT_CLASS = YES_ERROR;
				CLANG_WARN_UNREACHABLE_CODE = YES;
				CLANG_WARN__DUPLICATE_METHOD_MATCH = YES;
				"CODE_SIGN_IDENTITY[sdk=iphoneos*]" = "iPhone Developer";
				COPY_PHASE_STRIP = NO;
				DEBUG_INFORMATION_FORMAT = dwarf;
				ENABLE_STRICT_OBJC_MSGSEND = YES;
				ENABLE_TESTABILITY = YES;
				GCC_C_LANGUAGE_STANDARD = gnu99;
				GCC_DYNAMIC_NO_PIC = NO;
				GCC_NO_COMMON_BLOCKS = YES;
				GCC_OPTIMIZATION_LEVEL = 0;
				GCC_PREPROCESSOR_DEFINITIONS = (
					"DEBUG=1",
					"$(inherited)",
				);
				GCC_WARN_64_TO_32_BIT_CONVERSION = YES;
				GCC_WARN_ABOUT_RETURN_TYPE = YES_ERROR;
				GCC_WARN_UNDECLARED_SELECTOR = YES;
				GCC_WARN_UNINITIALIZED_AUTOS = YES_AGGRESSIVE;
				GCC_WARN_UNUSED_FUNCTION = YES;
				GCC_WARN_UNUSED_VARIABLE = YES;
				IPHONEOS_DEPLOYMENT_TARGET = 8.0;
				MTL_ENABLE_DEBUG_INFO = YES;
				ONLY_ACTIVE_ARCH = YES;
				SDKROOT = iphoneos;
				SWIFT_OPTIMIZATION_LEVEL = "-Onone";
				TARGETED_DEVICE_FAMILY = "1,2";
			};
			name = Debug;
		};
		BC9FAACE1CA1D3FC009F1261 /* Release */ = {
			isa = XCBuildConfiguration;
			buildSettings = {
				ALWAYS_SEARCH_USER_PATHS = NO;
				CLANG_ANALYZER_NONNULL = YES;
				CLANG_CXX_LANGUAGE_STANDARD = "gnu++0x";
				CLANG_CXX_LIBRARY = "libc++";
				CLANG_ENABLE_MODULES = YES;
				CLANG_ENABLE_OBJC_ARC = YES;
				CLANG_WARN_BOOL_CONVERSION = YES;
				CLANG_WARN_CONSTANT_CONVERSION = YES;
				CLANG_WARN_DIRECT_OBJC_ISA_USAGE = YES_ERROR;
				CLANG_WARN_EMPTY_BODY = YES;
				CLANG_WARN_ENUM_CONVERSION = YES;
				CLANG_WARN_INT_CONVERSION = YES;
				CLANG_WARN_OBJC_ROOT_CLASS = YES_ERROR;
				CLANG_WARN_UNREACHABLE_CODE = YES;
				CLANG_WARN__DUPLICATE_METHOD_MATCH = YES;
				"CODE_SIGN_IDENTITY[sdk=iphoneos*]" = "iPhone Developer";
				COPY_PHASE_STRIP = NO;
				DEBUG_INFORMATION_FORMAT = "dwarf-with-dsym";
				ENABLE_NS_ASSERTIONS = NO;
				ENABLE_STRICT_OBJC_MSGSEND = YES;
				GCC_C_LANGUAGE_STANDARD = gnu99;
				GCC_NO_COMMON_BLOCKS = YES;
				GCC_WARN_64_TO_32_BIT_CONVERSION = YES;
				GCC_WARN_ABOUT_RETURN_TYPE = YES_ERROR;
				GCC_WARN_UNDECLARED_SELECTOR = YES;
				GCC_WARN_UNINITIALIZED_AUTOS = YES_AGGRESSIVE;
				GCC_WARN_UNUSED_FUNCTION = YES;
				GCC_WARN_UNUSED_VARIABLE = YES;
				IPHONEOS_DEPLOYMENT_TARGET = 8.0;
				MTL_ENABLE_DEBUG_INFO = NO;
				SDKROOT = iphoneos;
				TARGETED_DEVICE_FAMILY = "1,2";
				VALIDATE_PRODUCT = YES;
			};
			name = Release;
		};
		BC9FAAD01CA1D3FC009F1261 /* Debug */ = {
			isa = XCBuildConfiguration;
			baseConfigurationReference = BEBB5D9413ABC5F2B56A8EFA /* Pods-Randomizer.debug.xcconfig */;
			buildSettings = {
				ALWAYS_EMBED_SWIFT_STANDARD_LIBRARIES = YES;
				ASSETCATALOG_COMPILER_APPICON_NAME = AppIcon;
				CLANG_ENABLE_MODULES = YES;
				CODE_SIGN_IDENTITY = "iPhone Developer";
				"CODE_SIGN_IDENTITY[sdk=iphoneos*]" = "iPhone Developer";
				DEVELOPMENT_TEAM = ESDVLEEEJP;
				FRAMEWORK_SEARCH_PATHS = (
					"$(inherited)",
					"$(PROJECT_DIR)/Carthage/Build/iOS",
				);
				INFOPLIST_FILE = Randomizer/Info.plist;
				IPHONEOS_DEPLOYMENT_TARGET = 10.0;
				LD_RUNPATH_SEARCH_PATHS = "$(inherited) @executable_path/Frameworks";
				PRODUCT_BUNDLE_IDENTIFIER = com.generateapp.randomizer;
				PRODUCT_NAME = "$(TARGET_NAME)";
				PROVISIONING_PROFILE = "";
				SWIFT_INSTALL_OBJC_HEADER = NO;
				SWIFT_OPTIMIZATION_LEVEL = "-Onone";
				SWIFT_VERSION = 3.0;
			};
			name = Debug;
		};
		BC9FAAD11CA1D3FC009F1261 /* Release */ = {
			isa = XCBuildConfiguration;
			baseConfigurationReference = E337047C8A6942D85145656E /* Pods-Randomizer.release.xcconfig */;
			buildSettings = {
				ALWAYS_EMBED_SWIFT_STANDARD_LIBRARIES = YES;
				ASSETCATALOG_COMPILER_APPICON_NAME = AppIcon;
				CLANG_ENABLE_MODULES = YES;
				CODE_SIGN_IDENTITY = "iPhone Developer";
				"CODE_SIGN_IDENTITY[sdk=iphoneos*]" = "iPhone Developer";
				DEVELOPMENT_TEAM = ESDVLEEEJP;
				FRAMEWORK_SEARCH_PATHS = (
					"$(inherited)",
					"$(PROJECT_DIR)/Carthage/Build/iOS",
				);
				INFOPLIST_FILE = Randomizer/Info.plist;
				IPHONEOS_DEPLOYMENT_TARGET = 10.0;
				LD_RUNPATH_SEARCH_PATHS = "$(inherited) @executable_path/Frameworks";
				PRODUCT_BUNDLE_IDENTIFIER = com.generateapp.randomizer;
				PRODUCT_NAME = "$(TARGET_NAME)";
				PROVISIONING_PROFILE = "";
				SWIFT_INSTALL_OBJC_HEADER = NO;
				SWIFT_VERSION = 3.0;
			};
			name = Release;
		};
/* End XCBuildConfiguration section */

/* Begin XCConfigurationList section */
		BC9FAAB81CA1D3FB009F1261 /* Build configuration list for PBXProject "Randomizer" */ = {
			isa = XCConfigurationList;
			buildConfigurations = (
				BC9FAACD1CA1D3FC009F1261 /* Debug */,
				BC9FAACE1CA1D3FC009F1261 /* Release */,
			);
			defaultConfigurationIsVisible = 0;
			defaultConfigurationName = Release;
		};
		BC9FAACF1CA1D3FC009F1261 /* Build configuration list for PBXNativeTarget "Randomizer" */ = {
			isa = XCConfigurationList;
			buildConfigurations = (
				BC9FAAD01CA1D3FC009F1261 /* Debug */,
				BC9FAAD11CA1D3FC009F1261 /* Release */,
			);
			defaultConfigurationIsVisible = 0;
			defaultConfigurationName = Release;
		};
/* End XCConfigurationList section */
	};
	rootObject = BC9FAAB51CA1D3FB009F1261 /* Project object */;
}
